
Microsoft Visual Studio Solution File, Format Version 12.00
# Visual Studio Version 17
VisualStudioVersion = 17.4.33403.182
MinimumVisualStudioVersion = 10.0.40219.1
Project("{FAE04EC0-301F-11D3-BF4B-00C04F79EFBC}") = "PracticaCelulares", "PracticaCelulares\PracticaCelulares.csproj", "{0899A702-49CC-4564-9F88-E80F046B47CD}"
EndProject
Global
	GlobalSection(SolutionConfigurationPlatforms) = preSolution
		Debug|Any CPU = Debug|Any CPU
		Release|Any CPU = Release|Any CPU
	EndGlobalSection
	GlobalSection(ProjectConfigurationPlatforms) = postSolution
		{0899A702-49CC-4564-9F88-E80F046B47CD}.Debug|Any CPU.ActiveCfg = Debug|Any CPU
		{0899A702-49CC-4564-9F88-E80F046B47CD}.Debug|Any CPU.Build.0 = Debug|Any CPU
		{0899A702-49CC-4564-9F88-E80F046B47CD}.Release|Any CPU.ActiveCfg = Release|Any CPU
		{0899A702-49CC-4564-9F88-E80F046B47CD}.Release|Any CPU.Build.0 = Release|Any CPU
	EndGlobalSection
	GlobalSection(SolutionProperties) = preSolution
		HideSolutionNode = FALSE
	EndGlobalSection
	GlobalSection(ExtensibilityGlobals) = postSolution
		SolutionGuid = {338AB33F-89DE-4E17-BC59-0929A1C306AE}
	EndGlobalSection
EndGlobal
